
Microsoft Visual Studio Solution File, Format Version 12.00
# Visual Studio Version 16
VisualStudioVersion = 16.0.31321.278
MinimumVisualStudioVersion = 10.0.40219.1
Project("{FAE04EC0-301F-11D3-BF4B-00C04F79EFBC}") = "Test3_Entity_Framework", "Test3_Entity_Framework\Test3_Entity_Framework.csproj", "{04458F16-59CB-4CF9-9713-16090F26E187}"
EndProject
Global
	GlobalSection(SolutionConfigurationPlatforms) = preSolution
		Debug|Any CPU = Debug|Any CPU
		Release|Any CPU = Release|Any CPU
	EndGlobalSection
	GlobalSection(ProjectConfigurationPlatforms) = postSolution
		{04458F16-59CB-4CF9-9713-16090F26E187}.Debug|Any CPU.ActiveCfg = Debug|Any CPU
		{04458F16-59CB-4CF9-9713-16090F26E187}.Debug|Any CPU.Build.0 = Debug|Any CPU
		{04458F16-59CB-4CF9-9713-16090F26E187}.Release|Any CPU.ActiveCfg = Release|Any CPU
		{04458F16-59CB-4CF9-9713-16090F26E187}.Release|Any CPU.Build.0 = Release|Any CPU
	EndGlobalSection
	GlobalSection(SolutionProperties) = preSolution
		HideSolutionNode = FALSE
	EndGlobalSection
	GlobalSection(ExtensibilityGlobals) = postSolution
		SolutionGuid = {FDF5B4E5-182D-4971-A369-2B1EE221D627}
	EndGlobalSection
EndGlobal
